
Microsoft Visual Studio Solution File, Format Version 12.00
# Visual Studio Version 17
VisualStudioVersion = 17.10.35122.118
MinimumVisualStudioVersion = 10.0.40219.1
Project("{FAE04EC0-301F-11D3-BF4B-00C04F79EFBC}") = "konsepUI", "konsepUI\konsepUI.csproj", "{FD84C756-0925-4500-95D2-07DB51D587B4}"
EndProject
Global
	GlobalSection(SolutionConfigurationPlatforms) = preSolution
		Debug|Any CPU = Debug|Any CPU
		Release|Any CPU = Release|Any CPU
	EndGlobalSection
	GlobalSection(ProjectConfigurationPlatforms) = postSolution
		{FD84C756-0925-4500-95D2-07DB51D587B4}.Debug|Any CPU.ActiveCfg = Debug|Any CPU
		{FD84C756-0925-4500-95D2-07DB51D587B4}.Debug|Any CPU.Build.0 = Debug|Any CPU
		{FD84C756-0925-4500-95D2-07DB51D587B4}.Release|Any CPU.ActiveCfg = Release|Any CPU
		{FD84C756-0925-4500-95D2-07DB51D587B4}.Release|Any CPU.Build.0 = Release|Any CPU
	EndGlobalSection
	GlobalSection(SolutionProperties) = preSolution
		HideSolutionNode = FALSE
	EndGlobalSection
	GlobalSection(ExtensibilityGlobals) = postSolution
		SolutionGuid = {441B4C1D-A7E8-48B8-A702-15208EA40437}
	EndGlobalSection
EndGlobal
